
Microsoft Visual Studio Solution File, Format Version 12.00
# Visual Studio Version 16
VisualStudioVersion = 16.0.30128.74
MinimumVisualStudioVersion = 10.0.40219.1
Project("{FAE04EC0-301F-11D3-BF4B-00C04F79EFBC}") = "WeiXin.Web", "WeiXin.Web\WeiXin.Web.csproj", "{5949EDF1-34A5-4FFA-90C3-BDA7F286EB68}"
EndProject
Project("{FAE04EC0-301F-11D3-BF4B-00C04F79EFBC}") = "WeiXin.DAL", "WeiXin.DAL\WeiXin.DAL.csproj", "{7E10CC9B-28F5-4E65-B1E4-CC24239F98D5}"
EndProject
Project("{FAE04EC0-301F-11D3-BF4B-00C04F79EFBC}") = "WeiXin.Server", "WeiXin.Server\WeiXin.Server.csproj", "{B05C1B06-4C56-49B8-A32C-C3D843FBEAD4}"
EndProject
Global
	GlobalSection(SolutionConfigurationPlatforms) = preSolution
		Debug|Any CPU = Debug|Any CPU
		Release|Any CPU = Release|Any CPU
	EndGlobalSection
	GlobalSection(ProjectConfigurationPlatforms) = postSolution
		{5949EDF1-34A5-4FFA-90C3-BDA7F286EB68}.Debug|Any CPU.ActiveCfg = Debug|Any CPU
		{5949EDF1-34A5-4FFA-90C3-BDA7F286EB68}.Debug|Any CPU.Build.0 = Debug|Any CPU
		{5949EDF1-34A5-4FFA-90C3-BDA7F286EB68}.Release|Any CPU.ActiveCfg = Release|Any CPU
		{5949EDF1-34A5-4FFA-90C3-BDA7F286EB68}.Release|Any CPU.Build.0 = Release|Any CPU
		{7E10CC9B-28F5-4E65-B1E4-CC24239F98D5}.Debug|Any CPU.ActiveCfg = Debug|Any CPU
		{7E10CC9B-28F5-4E65-B1E4-CC24239F98D5}.Debug|Any CPU.Build.0 = Debug|Any CPU
		{7E10CC9B-28F5-4E65-B1E4-CC24239F98D5}.Release|Any CPU.ActiveCfg = Release|Any CPU
		{7E10CC9B-28F5-4E65-B1E4-CC24239F98D5}.Release|Any CPU.Build.0 = Release|Any CPU
		{B05C1B06-4C56-49B8-A32C-C3D843FBEAD4}.Debug|Any CPU.ActiveCfg = Debug|Any CPU
		{B05C1B06-4C56-49B8-A32C-C3D843FBEAD4}.Debug|Any CPU.Build.0 = Debug|Any CPU
		{B05C1B06-4C56-49B8-A32C-C3D843FBEAD4}.Release|Any CPU.ActiveCfg = Release|Any CPU
		{B05C1B06-4C56-49B8-A32C-C3D843FBEAD4}.Release|Any CPU.Build.0 = Release|Any CPU
	EndGlobalSection
	GlobalSection(SolutionProperties) = preSolution
		HideSolutionNode = FALSE
	EndGlobalSection
	GlobalSection(ExtensibilityGlobals) = postSolution
		SolutionGuid = {54BBBABE-D1CF-4A33-88D5-3708C8039D68}
	EndGlobalSection
EndGlobal
